{
  "name": "@danpeig/node-red-meshtastic-msg",
  "version": "1.5.0",
  "lockfileVersion": 3,
  "requires": true,
  "packages": {
    "": {
      "name": "@danpeig/node-red-meshtastic-msg",
      "version": "1.5.0",
      "license": "MIT",
      "dependencies": {
        "@meshtastic/js": "^2.5.9-2",
        "import-sync": "2.x"
      },
      "engines": {
        "node": ">=20.x"
      }
    },
    "node_modules/@bufbuild/protobuf": {
      "version": "2.2.2",
      "resolved": "https://registry.npmjs.org/@bufbuild/protobuf/-/protobuf-2.2.2.tgz",
      "integrity": "sha512-UNtPCbrwrenpmrXuRwn9jYpPoweNXj8X5sMvYgsqYyaH8jQ6LfUJSk3dJLnBK+6sfYPrF4iAIo5sd5HQ+tg75A==",
      "license": "(Apache-2.0 AND BSD-3-Clause)"
    },
    "node_modules/@httptoolkit/esm": {
      "version": "3.3.0",
      "resolved": "https://registry.npmjs.org/@httptoolkit/esm/-/esm-3.3.0.tgz",
      "integrity": "sha512-gS+TH14750cveYP5p2q/oLyjVV5+qRFZMOpsPzK1KrgacqKc6RLDmt3ioGaMjsn1aianQbROkl4QXDJmO5swPA==",
      "license": "MIT",
      "engines": {
        "node": ">=6"
      }
    },
    "node_modules/@meshtastic/js": {
      "version": "2.5.9-2",
      "resolved": "https://registry.npmjs.org/@meshtastic/js/-/js-2.5.9-2.tgz",
      "integrity": "sha512-k3dpUD+ERFs6XkSsMG6hFxeCyR9BU1SuWdJgyR4s20R62cVqBU6KyQLAk5lXxwwGX2zovjvB5/HY1r1MjZGbDA==",
      "license": "GPL-3.0-only",
      "dependencies": {
        "@bufbuild/protobuf": "^2.2.1",
        "@meshtastic/protobufs": "npm:@jsr/meshtastic__protobufs@^2.5.9",
        "crc": "^4.3.2",
        "ste-simple-events": "^3.0.11",
        "tslog": "^4.9.3"
      }
    },
    "node_modules/@meshtastic/protobufs": {
      "name": "@jsr/meshtastic__protobufs",
      "version": "2.5.9",
      "resolved": "https://npm.jsr.io/~/11/@jsr/meshtastic__protobufs/2.5.9.tgz",
      "integrity": "sha512-4peQrF3IfA9/d8u60jPuK6HFar2N8OI5y/CLCvWLS6moS5MVGZy3OGrIGZDndRhyIUf7ZDlYGd4W1WLkxOw3Cg==",
      "dependencies": {
        "@bufbuild/protobuf": "^2.1.0"
      }
    },
    "node_modules/crc": {
      "version": "4.3.2",
      "resolved": "https://registry.npmjs.org/crc/-/crc-4.3.2.tgz",
      "integrity": "sha512-uGDHf4KLLh2zsHa8D8hIQ1H/HtFQhyHrc0uhHBcoKGol/Xnb+MPYfUMw7cvON6ze/GUESTudKayDcJC5HnJv1A==",
      "license": "MIT",
      "engines": {
        "node": ">=12"
      },
      "peerDependencies": {
        "buffer": ">=6.0.3"
      },
      "peerDependenciesMeta": {
        "buffer": {
          "optional": true
        }
      }
    },
    "node_modules/import-sync": {
      "version": "2.2.2",
      "resolved": "https://registry.npmjs.org/import-sync/-/import-sync-2.2.2.tgz",
      "integrity": "sha512-MQ+8aB1LZu0dHqTmpkOJ5DLCqQNVNqbMrH/S9nvHChUSMsAlX6R3ydQhX3R5/YfCU6+qU3cbASiX59hJisMKgg==",
      "license": "MIT",
      "dependencies": {
        "@httptoolkit/esm": "^3.3.0"
      }
    },
    "node_modules/ste-core": {
      "version": "3.0.11",
      "resolved": "https://registry.npmjs.org/ste-core/-/ste-core-3.0.11.tgz",
      "integrity": "sha512-ivkRENMh0mdGoPlZ4xVcEaC8rXQfTEfvonRw5m8VDKV7kgcbZbaNd1TnKl08wXbcLdT7okSc63HNP8cVhy95zg==",
      "license": "MIT",
      "engines": {
        "node": ">=4.2.4"
      }
    },
    "node_modules/ste-simple-events": {
      "version": "3.0.11",
      "resolved": "https://registry.npmjs.org/ste-simple-events/-/ste-simple-events-3.0.11.tgz",
      "integrity": "sha512-PDoQajqiTtJLNDWfJCihzACiTVZyFsXi6hNAVNelNJoNmqj+BaWuhJ/NHaAHxzfSRoMbL+hFgfPqFmxiHhAQSQ==",
      "license": "MIT",
      "dependencies": {
        "ste-core": "^3.0.11"
      },
      "engines": {
        "node": ">=4.2.4"
      }
    },
    "node_modules/tslog": {
      "version": "4.9.3",
      "resolved": "https://registry.npmjs.org/tslog/-/tslog-4.9.3.tgz",
      "integrity": "sha512-oDWuGVONxhVEBtschLf2cs/Jy8i7h1T+CpdkTNWQgdAF7DhRo2G8vMCgILKe7ojdEkLhICWgI1LYSSKaJsRgcw==",
      "license": "MIT",
      "engines": {
        "node": ">=16"
      },
      "funding": {
        "url": "https://github.com/fullstack-build/tslog?sponsor=1"
      }
    }
  }
}
